
Microsoft Visual Studio Solution File, Format Version 12.00
# Visual Studio Version 17
VisualStudioVersion = 17.3.32811.315
MinimumVisualStudioVersion = 10.0.40219.1
Project("{FAE04EC0-301F-11D3-BF4B-00C04F79EFBC}") = "PYP_Pre_Assignment", "PYP_Pre_Assignment\PYP_Pre_Assignment.csproj", "{00E003DE-8F81-49D0-BEC6-A9229E72DD18}"
EndProject
Global
	GlobalSection(SolutionConfigurationPlatforms) = preSolution
		Debug|Any CPU = Debug|Any CPU
		Release|Any CPU = Release|Any CPU
	EndGlobalSection
	GlobalSection(ProjectConfigurationPlatforms) = postSolution
		{00E003DE-8F81-49D0-BEC6-A9229E72DD18}.Debug|Any CPU.ActiveCfg = Debug|Any CPU
		{00E003DE-8F81-49D0-BEC6-A9229E72DD18}.Debug|Any CPU.Build.0 = Debug|Any CPU
		{00E003DE-8F81-49D0-BEC6-A9229E72DD18}.Release|Any CPU.ActiveCfg = Release|Any CPU
		{00E003DE-8F81-49D0-BEC6-A9229E72DD18}.Release|Any CPU.Build.0 = Release|Any CPU
	EndGlobalSection
	GlobalSection(SolutionProperties) = preSolution
		HideSolutionNode = FALSE
	EndGlobalSection
	GlobalSection(ExtensibilityGlobals) = postSolution
		SolutionGuid = {FFFA9B01-F83E-4B93-8731-81CA6BF93BED}
	EndGlobalSection
EndGlobal
